
Microsoft Visual Studio Solution File, Format Version 12.00
# Visual Studio 15
VisualStudioVersion = 15.0.27703.2026
MinimumVisualStudioVersion = 10.0.40219.1
Project("{00D1A9C2-B5F0-4AF3-8072-F6C62B433612}") = "Database", "Database.sqlproj", "{171391ED-D306-4E2A-8732-4DC4C72C4BEA}"
EndProject
Global
	GlobalSection(SolutionConfigurationPlatforms) = preSolution
		Debug|Any CPU = Debug|Any CPU
		Release|Any CPU = Release|Any CPU
	EndGlobalSection
	GlobalSection(ProjectConfigurationPlatforms) = postSolution
		{171391ED-D306-4E2A-8732-4DC4C72C4BEA}.Debug|Any CPU.ActiveCfg = Debug|Any CPU
		{171391ED-D306-4E2A-8732-4DC4C72C4BEA}.Debug|Any CPU.Build.0 = Debug|Any CPU
		{171391ED-D306-4E2A-8732-4DC4C72C4BEA}.Debug|Any CPU.Deploy.0 = Debug|Any CPU
		{171391ED-D306-4E2A-8732-4DC4C72C4BEA}.Release|Any CPU.ActiveCfg = Release|Any CPU
		{171391ED-D306-4E2A-8732-4DC4C72C4BEA}.Release|Any CPU.Build.0 = Release|Any CPU
		{171391ED-D306-4E2A-8732-4DC4C72C4BEA}.Release|Any CPU.Deploy.0 = Release|Any CPU
	EndGlobalSection
	GlobalSection(SolutionProperties) = preSolution
		HideSolutionNode = FALSE
	EndGlobalSection
	GlobalSection(ExtensibilityGlobals) = postSolution
		SolutionGuid = {1A7FDEE0-6C53-4C8A-8F55-4D15063A113A}
	EndGlobalSection
EndGlobal
